// !$*UTF8*$!
{
	archiveVersion = 1;
	classes = {
	};
	objectVersion = 46;
	objects = {

/* Begin PBXBuildFile section */
		C01053251D0AE238001CBD23 /* AppDelegate.swift in Sources */ = {isa = PBXBuildFile; fileRef = C01053241D0AE238001CBD23 /* AppDelegate.swift */; };
		C01053271D0AE238001CBD23 /* ViewController.swift in Sources */ = {isa = PBXBuildFile; fileRef = C01053261D0AE238001CBD23 /* ViewController.swift */; };
		C010532A1D0AE238001CBD23 /* Main.storyboard in Resources */ = {isa = PBXBuildFile; fileRef = C01053281D0AE238001CBD23 /* Main.storyboard */; };
		C010532C1D0AE238001CBD23 /* Assets.xcassets in Resources */ = {isa = PBXBuildFile; fileRef = C010532B1D0AE238001CBD23 /* Assets.xcassets */; };
		C010532F1D0AE238001CBD23 /* LaunchScreen.storyboard in Resources */ = {isa = PBXBuildFile; fileRef = C010532D1D0AE238001CBD23 /* LaunchScreen.storyboard */; };
/* End PBXBuildFile section */

/* Begin PBXFileReference section */
		C01053211D0AE238001CBD23 /* primitiveDraw.app */ = {isa = PBXFileReference; explicitFileType = wrapper.application; includeInIndex = 0; path = primitiveDraw.app; sourceTree = BUILT_PRODUCTS_DIR; };
		C01053241D0AE238001CBD23 /* AppDelegate.swift */ = {isa = PBXFileReference; lastKnownFileType = sourcecode.swift; path = AppDelegate.swift; sourceTree = "<group>"; };
		C01053261D0AE238001CBD23 /* ViewController.swift */ = {isa = PBXFileReference; lastKnownFileType = sourcecode.swift; path = ViewController.swift; sourceTree = "<group>"; };
		C01053291D0AE238001CBD23 /* Base */ = {isa = PBXFileReference; lastKnownFileType = file.storyboard; name = Base; path = Base.lproj/Main.storyboard; sourceTree = "<group>"; };
		C010532B1D0AE238001CBD23 /* Assets.xcassets */ = {isa = PBXFileReference; lastKnownFileType = folder.assetcatalog; path = Assets.xcassets; sourceTree = "<group>"; };
		C010532E1D0AE238001CBD23 /* Base */ = {isa = PBXFileReference; lastKnownFileType = file.storyboard; name = Base; path = Base.lproj/LaunchScreen.storyboard; sourceTree = "<group>"; };
		C01053301D0AE238001CBD23 /* Info.plist */ = {isa = PBXFileReference; lastKnownFileType = text.plist.xml; path = Info.plist; sourceTree = "<group>"; };
/* End PBXFileReference section */

/* Begin PBXFrameworksBuildPhase section */
		C010531E1D0AE238001CBD23 /* Frameworks */ = {
			isa = PBXFrameworksBuildPhase;
			buildActionMask = 2147483647;
			files = (
			);
			runOnlyForDeploymentPostprocessing = 0;
		};
/* End PBXFrameworksBuildPhase section */

/* Begin PBXGroup section */
		C01053181D0AE238001CBD23 = {
			isa = PBXGroup;
			children = (
				C01053231D0AE238001CBD23 /* primitiveDraw */,
				C01053221D0AE238001CBD23 /* Products */,
			);
			sourceTree = "<group>";
		};
		C01053221D0AE238001CBD23 /* Products */ = {
			isa = PBXGroup;
			children = (
				C01053211D0AE238001CBD23 /* primitiveDraw.app */,
			);
			name = Products;
			sourceTree = "<group>";
		};
		C01053231D0AE238001CBD23 /* primitiveDraw */ = {
			isa = PBXGroup;
			children = (
				C01053241D0AE238001CBD23 /* AppDelegate.swift */,
				C01053261D0AE238001CBD23 /* ViewController.swift */,
				C01053281D0AE238001CBD23 /* Main.storyboard */,
				C010532B1D0AE238001CBD23 /* Assets.xcassets */,
				C010532D1D0AE238001CBD23 /* LaunchScreen.storyboard */,
				C01053301D0AE238001CBD23 /* Info.plist */,
			);
			path = primitiveDraw;
			sourceTree = "<group>";
		};
/* End PBXGroup section */

/* Begin PBXNativeTarget section */
		C01053201D0AE238001CBD23 /* primitiveDraw */ = {
			isa = PBXNativeTarget;
			buildConfigurationList = C01053331D0AE238001CBD23 /* Build configuration list for PBXNativeTarget "primitiveDraw" */;
			buildPhases = (
				C010531D1D0AE238001CBD23 /* Sources */,
				C010531E1D0AE238001CBD23 /* Frameworks */,
				C010531F1D0AE238001CBD23 /* Resources */,
			);
			buildRules = (
			);
			dependencies = (
			);
			name = primitiveDraw;
			productName = primitiveDraw;
			productReference = C01053211D0AE238001CBD23 /* primitiveDraw.app */;
			productType = "com.apple.product-type.application";
		};
/* End PBXNativeTarget section */

/* Begin PBXProject section */
		C01053191D0AE238001CBD23 /* Project object */ = {
			isa = PBXProject;
			attributes = {
				LastSwiftUpdateCheck = 0730;
				LastUpgradeCheck = 0730;
				ORGANIZATIONNAME = "etudiant-02";
				TargetAttributes = {
					C01053201D0AE238001CBD23 = {
						CreatedOnToolsVersion = 7.3.1;
					};
				};
			};
			buildConfigurationList = C010531C1D0AE238001CBD23 /* Build configuration list for PBXProject "primitiveDraw" */;
			compatibilityVersion = "Xcode 3.2";
			developmentRegion = English;
			hasScannedForEncodings = 0;
			knownRegions = (
				en,
				Base,
			);
			mainGroup = C01053181D0AE238001CBD23;
			productRefGroup = C01053221D0AE238001CBD23 /* Products */;
			projectDirPath = "";
			projectRoot = "";
			targets = (
				C01053201D0AE238001CBD23 /* primitiveDraw */,
			);
		};
/* End PBXProject section */

/* Begin PBXResourcesBuildPhase section */
		C010531F1D0AE238001CBD23 /* Resources */ = {
			isa = PBXResourcesBuildPhase;
			buildActionMask = 2147483647;
			files = (
				C010532F1D0AE238001CBD23 /* LaunchScreen.storyboard in Resources */,
				C010532C1D0AE238001CBD23 /* Assets.xcassets in Resources */,
				C010532A1D0AE238001CBD23 /* Main.storyboard in Resources */,
			);
			runOnlyForDeploymentPostprocessing = 0;
		};
/* End PBXResourcesBuildPhase section */

/* Begin PBXSourcesBuildPhase section */
		C010531D1D0AE238001CBD23 /* Sources */ = {
			isa = PBXSourcesBuildPhase;
			buildActionMask = 2147483647;
			files = (
				C01053271D0AE238001CBD23 /* ViewController.swift in Sources */,
				C01053251D0AE238001CBD23 /* AppDelegate.swift in Sources */,
			);
			runOnlyForDeploymentPostprocessing = 0;
		};
/* End PBXSourcesBuildPhase section */

/* Begin PBXVariantGroup section */
		C01053281D0AE238001CBD23 /* Main.storyboard */ = {
			isa = PBXVariantGroup;
			children = (
				C01053291D0AE238001CBD23 /* Base */,
			);
			name = Main.storyboard;
			sourceTree = "<group>";
		};
		C010532D1D0AE238001CBD23 /* LaunchScreen.storyboard */ = {
			isa = PBXVariantGroup;
			children = (
				C010532E1D0AE238001CBD23 /* Base */,
			);
			name = LaunchScreen.storyboard;
			sourceTree = "<group>";
		};
/* End PBXVariantGroup section */

/* Begin XCBuildConfiguration section */
		C01053311D0AE238001CBD23 /* Debug */ = {
			isa = XCBuildConfiguration;
			buildSettings = {
				ALWAYS_SEARCH_USER_PATHS = NO;
				CLANG_ANALYZER_NONNULL = YES;
				CLANG_CXX_LANGUAGE_STANDARD = "gnu++0x";
				CLANG_CXX_LIBRARY = "libc++";
				CLANG_ENABLE_MODULES = YES;
				CLANG_ENABLE_OBJC_ARC = YES;
				CLANG_WARN_BOOL_CONVERSION = YES;
				CLANG_WARN_CONSTANT_CONVERSION = YES;
				CLANG_WARN_DIRECT_OBJC_ISA_USAGE = YES_ERROR;
				CLANG_WARN_EMPTY_BODY = YES;
				CLANG_WARN_ENUM_CONVERSION = YES;
				CLANG_WARN_INT_CONVERSION = YES;
				CLANG_WARN_OBJC_ROOT_CLASS = YES_ERROR;
				CLANG_WARN_UNREACHABLE_CODE = YES;
				CLANG_WARN__DUPLICATE_METHOD_MATCH = YES;
				"CODE_SIGN_IDENTITY[sdk=iphoneos*]" = "iPhone Developer";
				COPY_PHASE_STRIP = NO;
				DEBUG_INFORMATION_FORMAT = dwarf;
				ENABLE_STRICT_OBJC_MSGSEND = YES;
				ENABLE_TESTABILITY = YES;
				GCC_C_LANGUAGE_STANDARD = gnu99;
				GCC_DYNAMIC_NO_PIC = NO;
				GCC_NO_COMMON_BLOCKS = YES;
				GCC_OPTIMIZATION_LEVEL = 0;
				GCC_PREPROCESSOR_DEFINITIONS = (
					"DEBUG=1",
					"$(inherited)",
				);
				GCC_WARN_64_TO_32_BIT_CONVERSION = YES;
				GCC_WARN_ABOUT_RETURN_TYPE = YES_ERROR;
				GCC_WARN_UNDECLARED_SELECTOR = YES;
				GCC_WARN_UNINITIALIZED_AUTOS = YES_AGGRESSIVE;
				GCC_WARN_UNUSED_FUNCTION = YES;
				GCC_WARN_UNUSED_VARIABLE = YES;
				IPHONEOS_DEPLOYMENT_TARGET = 9.3;
				MTL_ENABLE_DEBUG_INFO = YES;
				ONLY_ACTIVE_ARCH = YES;
				SDKROOT = iphoneos;
				SWIFT_OPTIMIZATION_LEVEL = "-Onone";
				TARGETED_DEVICE_FAMILY = "1,2";
			};
			name = Debug;
		};
		C01053321D0AE238001CBD23 /* Release */ = {
			isa = XCBuildConfiguration;
			buildSettings = {
				ALWAYS_SEARCH_USER_PATHS = NO;
				CLANG_ANALYZER_NONNULL = YES;
				CLANG_CXX_LANGUAGE_STANDARD = "gnu++0x";
				CLANG_CXX_LIBRARY = "libc++";
				CLANG_ENABLE_MODULES = YES;
				CLANG_ENABLE_OBJC_ARC = YES;
				CLANG_WARN_BOOL_CONVERSION = YES;
				CLANG_WARN_CONSTANT_CONVERSION = YES;
				CLANG_WARN_DIRECT_OBJC_ISA_USAGE = YES_ERROR;
				CLANG_WARN_EMPTY_BODY = YES;
				CLANG_WARN_ENUM_CONVERSION = YES;
				CLANG_WARN_INT_CONVERSION = YES;
				CLANG_WARN_OBJC_ROOT_CLASS = YES_ERROR;
				CLANG_WARN_UNREACHABLE_CODE = YES;
				CLANG_WARN__DUPLICATE_METHOD_MATCH = YES;
				"CODE_SIGN_IDENTITY[sdk=iphoneos*]" = "iPhone Developer";
				COPY_PHASE_STRIP = NO;
				DEBUG_INFORMATION_FORMAT = "dwarf-with-dsym";
				ENABLE_NS_ASSERTIONS = NO;
				ENABLE_STRICT_OBJC_MSGSEND = YES;
				GCC_C_LANGUAGE_STANDARD = gnu99;
				GCC_NO_COMMON_BLOCKS = YES;
				GCC_WARN_64_TO_32_BIT_CONVERSION = YES;
				GCC_WARN_ABOUT_RETURN_TYPE = YES_ERROR;
				GCC_WARN_UNDECLARED_SELECTOR = YES;
				GCC_WARN_UNINITIALIZED_AUTOS = YES_AGGRESSIVE;
				GCC_WARN_UNUSED_FUNCTION = YES;
				GCC_WARN_UNUSED_VARIABLE = YES;
				IPHONEOS_DEPLOYMENT_TARGET = 9.3;
				MTL_ENABLE_DEBUG_INFO = NO;
				SDKROOT = iphoneos;
				TARGETED_DEVICE_FAMILY = "1,2";
				VALIDATE_PRODUCT = YES;
			};
			name = Release;
		};
		C01053341D0AE238001CBD23 /* Debug */ = {
			isa = XCBuildConfiguration;
			buildSettings = {
				ASSETCATALOG_COMPILER_APPICON_NAME = AppIcon;
				INFOPLIST_FILE = primitiveDraw/Info.plist;
				LD_RUNPATH_SEARCH_PATHS = "$(inherited) @executable_path/Frameworks";
				PRODUCT_BUNDLE_IDENTIFIER = com.mycompany.primitiveDraw;
				PRODUCT_NAME = "$(TARGET_NAME)";
			};
			name = Debug;
		};
		C01053351D0AE238001CBD23 /* Release */ = {
			isa = XCBuildConfiguration;
			buildSettings = {
				ASSETCATALOG_COMPILER_APPICON_NAME = AppIcon;
				INFOPLIST_FILE = primitiveDraw/Info.plist;
				LD_RUNPATH_SEARCH_PATHS = "$(inherited) @executable_path/Frameworks";
				PRODUCT_BUNDLE_IDENTIFIER = com.mycompany.primitiveDraw;
				PRODUCT_NAME = "$(TARGET_NAME)";
			};
			name = Release;
		};
/* End XCBuildConfiguration section */

/* Begin XCConfigurationList section */
		C010531C1D0AE238001CBD23 /* Build configuration list for PBXProject "primitiveDraw" */ = {
			isa = XCConfigurationList;
			buildConfigurations = (
				C01053311D0AE238001CBD23 /* Debug */,
				C01053321D0AE238001CBD23 /* Release */,
			);
			defaultConfigurationIsVisible = 0;
			defaultConfigurationName = Release;
		};
		C01053331D0AE238001CBD23 /* Build configuration list for PBXNativeTarget "primitiveDraw" */ = {
			isa = XCConfigurationList;
			buildConfigurations = (
				C01053341D0AE238001CBD23 /* Debug */,
				C01053351D0AE238001CBD23 /* Release */,
			);
			defaultConfigurationIsVisible = 0;
		};
/* End XCConfigurationList section */
	};
	rootObject = C01053191D0AE238001CBD23 /* Project object */;
}
